
Microsoft Visual Studio Solution File, Format Version 12.00
# Visual Studio Version 17
VisualStudioVersion = 17.0.32014.148
MinimumVisualStudioVersion = 10.0.40219.1
Project("{FAE04EC0-301F-11D3-BF4B-00C04F79EFBC}") = "leetcode-1-two-sum", "leetcode-1-two-sum\leetcode-1-two-sum.csproj", "{D61B7EF3-2382-4868-B475-BF884A68739B}"
EndProject
Global
	GlobalSection(SolutionConfigurationPlatforms) = preSolution
		Debug|Any CPU = Debug|Any CPU
		Release|Any CPU = Release|Any CPU
	EndGlobalSection
	GlobalSection(ProjectConfigurationPlatforms) = postSolution
		{D61B7EF3-2382-4868-B475-BF884A68739B}.Debug|Any CPU.ActiveCfg = Debug|Any CPU
		{D61B7EF3-2382-4868-B475-BF884A68739B}.Debug|Any CPU.Build.0 = Debug|Any CPU
		{D61B7EF3-2382-4868-B475-BF884A68739B}.Release|Any CPU.ActiveCfg = Release|Any CPU
		{D61B7EF3-2382-4868-B475-BF884A68739B}.Release|Any CPU.Build.0 = Release|Any CPU
	EndGlobalSection
	GlobalSection(SolutionProperties) = preSolution
		HideSolutionNode = FALSE
	EndGlobalSection
	GlobalSection(ExtensibilityGlobals) = postSolution
		SolutionGuid = {6CB377A3-9974-45B2-BA67-7A6CBE256B2E}
	EndGlobalSection
EndGlobal
